
Microsoft Visual Studio Solution File, Format Version 12.00
# Visual Studio Version 17
VisualStudioVersion = 17.5.002.0
MinimumVisualStudioVersion = 10.0.40219.1
Project("{9A19103F-16F7-4668-BE54-9A1E7A4F7556}") = "s002API", "s002API.csproj", "{3533E02D-5D24-4878-B908-C13E411B457C}"
EndProject
Global
	GlobalSection(SolutionConfigurationPlatforms) = preSolution
		Debug|Any CPU = Debug|Any CPU
		Release|Any CPU = Release|Any CPU
	EndGlobalSection
	GlobalSection(ProjectConfigurationPlatforms) = postSolution
		{3533E02D-5D24-4878-B908-C13E411B457C}.Debug|Any CPU.ActiveCfg = Debug|Any CPU
		{3533E02D-5D24-4878-B908-C13E411B457C}.Debug|Any CPU.Build.0 = Debug|Any CPU
		{3533E02D-5D24-4878-B908-C13E411B457C}.Release|Any CPU.ActiveCfg = Release|Any CPU
		{3533E02D-5D24-4878-B908-C13E411B457C}.Release|Any CPU.Build.0 = Release|Any CPU
	EndGlobalSection
	GlobalSection(SolutionProperties) = preSolution
		HideSolutionNode = FALSE
	EndGlobalSection
	GlobalSection(ExtensibilityGlobals) = postSolution
		SolutionGuid = {DAFE7BEE-78B3-4A00-9758-90C539144C45}
	EndGlobalSection
EndGlobal
